// !$*UTF8*$!
{
	archiveVersion = 1;
	classes = {
	};
	objectVersion = 51;
	objects = {

/* Begin PBXBuildFile section */
		93114797216F3B490010A9FD /* FrontPage.storyboard in Resources */ = {isa = PBXBuildFile; fileRef = 93114796216F3B490010A9FD /* FrontPage.storyboard */; };
		93114799216F3B5F0010A9FD /* ClubsPage.storyboard in Resources */ = {isa = PBXBuildFile; fileRef = 93114798216F3B5F0010A9FD /* ClubsPage.storyboard */; };
		9311479B216F3B770010A9FD /* LoginPage.storyboard in Resources */ = {isa = PBXBuildFile; fileRef = 9311479A216F3B770010A9FD /* LoginPage.storyboard */; };
		9311479D216F3B900010A9FD /* EventPage.storyboard in Resources */ = {isa = PBXBuildFile; fileRef = 9311479C216F3B900010A9FD /* EventPage.storyboard */; };
		9311479F216F3BA40010A9FD /* SearchPage.storyboard in Resources */ = {isa = PBXBuildFile; fileRef = 9311479E216F3BA40010A9FD /* SearchPage.storyboard */; };
		937FD0AB216602BD00CC39B8 /* AppDelegate.swift in Sources */ = {isa = PBXBuildFile; fileRef = 937FD0AA216602BD00CC39B8 /* AppDelegate.swift */; };
		937FD0AD216602BD00CC39B8 /* ViewController.swift in Sources */ = {isa = PBXBuildFile; fileRef = 937FD0AC216602BD00CC39B8 /* ViewController.swift */; };
		937FD0B0216602BD00CC39B8 /* Main.storyboard in Resources */ = {isa = PBXBuildFile; fileRef = 937FD0AE216602BD00CC39B8 /* Main.storyboard */; };
		937FD0B2216602BF00CC39B8 /* Assets.xcassets in Resources */ = {isa = PBXBuildFile; fileRef = 937FD0B1216602BF00CC39B8 /* Assets.xcassets */; };
		937FD0B5216602BF00CC39B8 /* LaunchScreen.storyboard in Resources */ = {isa = PBXBuildFile; fileRef = 937FD0B3216602BF00CC39B8 /* LaunchScreen.storyboard */; };
		93B4596A2181AF33005BF668 /* EventTableViewController.swift in Sources */ = {isa = PBXBuildFile; fileRef = 93B459692181AF33005BF668 /* EventTableViewController.swift */; };
		93B459712181B06C005BF668 /* EventTableViewCell.swift in Sources */ = {isa = PBXBuildFile; fileRef = 93B4596F2181B06C005BF668 /* EventTableViewCell.swift */; };
		93B459722181B06C005BF668 /* EventTableViewCell.xib in Resources */ = {isa = PBXBuildFile; fileRef = 93B459702181B06C005BF668 /* EventTableViewCell.xib */; };
/* End PBXBuildFile section */

/* Begin PBXFileReference section */
		93114796216F3B490010A9FD /* FrontPage.storyboard */ = {isa = PBXFileReference; lastKnownFileType = file.storyboard; path = FrontPage.storyboard; sourceTree = "<group>"; };
		93114798216F3B5F0010A9FD /* ClubsPage.storyboard */ = {isa = PBXFileReference; lastKnownFileType = file.storyboard; path = ClubsPage.storyboard; sourceTree = "<group>"; };
		9311479A216F3B770010A9FD /* LoginPage.storyboard */ = {isa = PBXFileReference; lastKnownFileType = file.storyboard; path = LoginPage.storyboard; sourceTree = "<group>"; };
		9311479C216F3B900010A9FD /* EventPage.storyboard */ = {isa = PBXFileReference; lastKnownFileType = file.storyboard; path = EventPage.storyboard; sourceTree = "<group>"; };
		9311479E216F3BA40010A9FD /* SearchPage.storyboard */ = {isa = PBXFileReference; lastKnownFileType = file.storyboard; path = SearchPage.storyboard; sourceTree = "<group>"; };
		937FD0A7216602BD00CC39B8 /* TracTrac.app */ = {isa = PBXFileReference; explicitFileType = wrapper.application; includeInIndex = 0; path = TracTrac.app; sourceTree = BUILT_PRODUCTS_DIR; };
		937FD0AA216602BD00CC39B8 /* AppDelegate.swift */ = {isa = PBXFileReference; lastKnownFileType = sourcecode.swift; path = AppDelegate.swift; sourceTree = "<group>"; };
		937FD0AC216602BD00CC39B8 /* ViewController.swift */ = {isa = PBXFileReference; lastKnownFileType = sourcecode.swift; path = ViewController.swift; sourceTree = "<group>"; };
		937FD0AF216602BD00CC39B8 /* Base */ = {isa = PBXFileReference; lastKnownFileType = file.storyboard; name = Base; path = Base.lproj/Main.storyboard; sourceTree = "<group>"; };
		937FD0B1216602BF00CC39B8 /* Assets.xcassets */ = {isa = PBXFileReference; lastKnownFileType = folder.assetcatalog; path = Assets.xcassets; sourceTree = "<group>"; };
		937FD0B4216602BF00CC39B8 /* Base */ = {isa = PBXFileReference; lastKnownFileType = file.storyboard; name = Base; path = Base.lproj/LaunchScreen.storyboard; sourceTree = "<group>"; };
		937FD0B6216602BF00CC39B8 /* Info.plist */ = {isa = PBXFileReference; lastKnownFileType = text.plist.xml; path = Info.plist; sourceTree = "<group>"; };
		93B459692181AF33005BF668 /* EventTableViewController.swift */ = {isa = PBXFileReference; lastKnownFileType = sourcecode.swift; path = EventTableViewController.swift; sourceTree = "<group>"; };
		93B4596F2181B06C005BF668 /* EventTableViewCell.swift */ = {isa = PBXFileReference; lastKnownFileType = sourcecode.swift; path = EventTableViewCell.swift; sourceTree = "<group>"; };
		93B459702181B06C005BF668 /* EventTableViewCell.xib */ = {isa = PBXFileReference; lastKnownFileType = file.xib; path = EventTableViewCell.xib; sourceTree = "<group>"; };
/* End PBXFileReference section */

/* Begin PBXFrameworksBuildPhase section */
		937FD0A4216602BD00CC39B8 /* Frameworks */ = {
			isa = PBXFrameworksBuildPhase;
			buildActionMask = 2147483647;
			files = (
			);
			runOnlyForDeploymentPostprocessing = 0;
		};
/* End PBXFrameworksBuildPhase section */

/* Begin PBXGroup section */
		931147A0216F3BAF0010A9FD /* StoryBoards */ = {
			isa = PBXGroup;
			children = (
				937FD0B3216602BF00CC39B8 /* LaunchScreen.storyboard */,
				93114798216F3B5F0010A9FD /* ClubsPage.storyboard */,
				9311479A216F3B770010A9FD /* LoginPage.storyboard */,
				9311479C216F3B900010A9FD /* EventPage.storyboard */,
				9311479E216F3BA40010A9FD /* SearchPage.storyboard */,
				93114796216F3B490010A9FD /* FrontPage.storyboard */,
			);
			path = StoryBoards;
			sourceTree = "<group>";
		};
		937FD09E216602BD00CC39B8 = {
			isa = PBXGroup;
			children = (
				937FD0A9216602BD00CC39B8 /* TrackTrack */,
				937FD0A8216602BD00CC39B8 /* Products */,
			);
			sourceTree = "<group>";
		};
		937FD0A8216602BD00CC39B8 /* Products */ = {
			isa = PBXGroup;
			children = (
				937FD0A7216602BD00CC39B8 /* TracTrac.app */,
			);
			name = Products;
			sourceTree = "<group>";
		};
		937FD0A9216602BD00CC39B8 /* TrackTrack */ = {
			isa = PBXGroup;
			children = (
				93B459732181B078005BF668 /* CostumeTableViews */,
				931147A0216F3BAF0010A9FD /* StoryBoards */,
				937FD0AA216602BD00CC39B8 /* AppDelegate.swift */,
				937FD0AC216602BD00CC39B8 /* ViewController.swift */,
				93B459692181AF33005BF668 /* EventTableViewController.swift */,
				937FD0AE216602BD00CC39B8 /* Main.storyboard */,
				937FD0B1216602BF00CC39B8 /* Assets.xcassets */,
				937FD0B6216602BF00CC39B8 /* Info.plist */,
			);
			path = TrackTrack;
			sourceTree = "<group>";
		};
		93B459732181B078005BF668 /* CostumeTableViews */ = {
			isa = PBXGroup;
			children = (
				93B4596F2181B06C005BF668 /* EventTableViewCell.swift */,
				93B459702181B06C005BF668 /* EventTableViewCell.xib */,
			);
			path = CostumeTableViews;
			sourceTree = "<group>";
		};
/* End PBXGroup section */

/* Begin PBXNativeTarget section */
		937FD0A6216602BD00CC39B8 /* TracTrac */ = {
			isa = PBXNativeTarget;
			buildConfigurationList = 937FD0B9216602BF00CC39B8 /* Build configuration list for PBXNativeTarget "TracTrac" */;
			buildPhases = (
				937FD0A3216602BD00CC39B8 /* Sources */,
				937FD0A4216602BD00CC39B8 /* Frameworks */,
				937FD0A5216602BD00CC39B8 /* Resources */,
			);
			buildRules = (
			);
			dependencies = (
			);
			name = TracTrac;
			productName = TrackTrack;
			productReference = 937FD0A7216602BD00CC39B8 /* TracTrac.app */;
			productType = "com.apple.product-type.application";
		};
/* End PBXNativeTarget section */

/* Begin PBXProject section */
		937FD09F216602BD00CC39B8 /* Project object */ = {
			isa = PBXProject;
			attributes = {
				LastSwiftUpdateCheck = 1000;
				LastUpgradeCheck = 1000;
				ORGANIZATIONNAME = "Mads Finnerup";
				TargetAttributes = {
					937FD0A6216602BD00CC39B8 = {
						CreatedOnToolsVersion = 10.0;
					};
				};
			};
			buildConfigurationList = 937FD0A2216602BD00CC39B8 /* Build configuration list for PBXProject "TracTrac" */;
			compatibilityVersion = "Xcode 10.0";
			developmentRegion = en;
			hasScannedForEncodings = 0;
			knownRegions = (
				en,
				Base,
			);
			mainGroup = 937FD09E216602BD00CC39B8;
			productRefGroup = 937FD0A8216602BD00CC39B8 /* Products */;
			projectDirPath = "";
			projectRoot = "";
			targets = (
				937FD0A6216602BD00CC39B8 /* TracTrac */,
			);
		};
/* End PBXProject section */

/* Begin PBXResourcesBuildPhase section */
		937FD0A5216602BD00CC39B8 /* Resources */ = {
			isa = PBXResourcesBuildPhase;
			buildActionMask = 2147483647;
			files = (
				937FD0B5216602BF00CC39B8 /* LaunchScreen.storyboard in Resources */,
				93114797216F3B490010A9FD /* FrontPage.storyboard in Resources */,
				937FD0B2216602BF00CC39B8 /* Assets.xcassets in Resources */,
				937FD0B0216602BD00CC39B8 /* Main.storyboard in Resources */,
				93114799216F3B5F0010A9FD /* ClubsPage.storyboard in Resources */,
				9311479B216F3B770010A9FD /* LoginPage.storyboard in Resources */,
				93B459722181B06C005BF668 /* EventTableViewCell.xib in Resources */,
				9311479D216F3B900010A9FD /* EventPage.storyboard in Resources */,
				9311479F216F3BA40010A9FD /* SearchPage.storyboard in Resources */,
			);
			runOnlyForDeploymentPostprocessing = 0;
		};
/* End PBXResourcesBuildPhase section */

/* Begin PBXSourcesBuildPhase section */
		937FD0A3216602BD00CC39B8 /* Sources */ = {
			isa = PBXSourcesBuildPhase;
			buildActionMask = 2147483647;
			files = (
				93B459712181B06C005BF668 /* EventTableViewCell.swift in Sources */,
				937FD0AD216602BD00CC39B8 /* ViewController.swift in Sources */,
				93B4596A2181AF33005BF668 /* EventTableViewController.swift in Sources */,
				937FD0AB216602BD00CC39B8 /* AppDelegate.swift in Sources */,
			);
			runOnlyForDeploymentPostprocessing = 0;
		};
/* End PBXSourcesBuildPhase section */

/* Begin PBXVariantGroup section */
		937FD0AE216602BD00CC39B8 /* Main.storyboard */ = {
			isa = PBXVariantGroup;
			children = (
				937FD0AF216602BD00CC39B8 /* Base */,
			);
			name = Main.storyboard;
			sourceTree = "<group>";
		};
		937FD0B3216602BF00CC39B8 /* LaunchScreen.storyboard */ = {
			isa = PBXVariantGroup;
			children = (
				937FD0B4216602BF00CC39B8 /* Base */,
			);
			name = LaunchScreen.storyboard;
			sourceTree = "<group>";
		};
/* End PBXVariantGroup section */

/* Begin XCBuildConfiguration section */
		937FD0B7216602BF00CC39B8 /* Debug */ = {
			isa = XCBuildConfiguration;
			buildSettings = {
				ALWAYS_SEARCH_USER_PATHS = NO;
				CLANG_ANALYZER_NONNULL = YES;
				CLANG_ANALYZER_NUMBER_OBJECT_CONVERSION = YES_AGGRESSIVE;
				CLANG_CXX_LANGUAGE_STANDARD = "gnu++14";
				CLANG_CXX_LIBRARY = "libc++";
				CLANG_ENABLE_MODULES = YES;
				CLANG_ENABLE_OBJC_ARC = YES;
				CLANG_ENABLE_OBJC_WEAK = YES;
				CLANG_WARN_BLOCK_CAPTURE_AUTORELEASING = YES;
				CLANG_WARN_BOOL_CONVERSION = YES;
				CLANG_WARN_COMMA = YES;
				CLANG_WARN_CONSTANT_CONVERSION = YES;
				CLANG_WARN_DEPRECATED_OBJC_IMPLEMENTATIONS = YES;
				CLANG_WARN_DIRECT_OBJC_ISA_USAGE = YES_ERROR;
				CLANG_WARN_DOCUMENTATION_COMMENTS = YES;
				CLANG_WARN_EMPTY_BODY = YES;
				CLANG_WARN_ENUM_CONVERSION = YES;
				CLANG_WARN_INFINITE_RECURSION = YES;
				CLANG_WARN_INT_CONVERSION = YES;
				CLANG_WARN_NON_LITERAL_NULL_CONVERSION = YES;
				CLANG_WARN_OBJC_IMPLICIT_RETAIN_SELF = YES;
				CLANG_WARN_OBJC_LITERAL_CONVERSION = YES;
				CLANG_WARN_OBJC_ROOT_CLASS = YES_ERROR;
				CLANG_WARN_RANGE_LOOP_ANALYSIS = YES;
				CLANG_WARN_STRICT_PROTOTYPES = YES;
				CLANG_WARN_SUSPICIOUS_MOVE = YES;
				CLANG_WARN_UNGUARDED_AVAILABILITY = YES_AGGRESSIVE;
				CLANG_WARN_UNREACHABLE_CODE = YES;
				CLANG_WARN__DUPLICATE_METHOD_MATCH = YES;
				CODE_SIGN_IDENTITY = "iPhone Developer";
				COPY_PHASE_STRIP = NO;
				DEBUG_INFORMATION_FORMAT = dwarf;
				ENABLE_STRICT_OBJC_MSGSEND = YES;
				ENABLE_TESTABILITY = YES;
				GCC_C_LANGUAGE_STANDARD = gnu11;
				GCC_DYNAMIC_NO_PIC = NO;
				GCC_NO_COMMON_BLOCKS = YES;
				GCC_OPTIMIZATION_LEVEL = 0;
				GCC_PREPROCESSOR_DEFINITIONS = (
					"DEBUG=1",
					"$(inherited)",
				);
				GCC_WARN_64_TO_32_BIT_CONVERSION = YES;
				GCC_WARN_ABOUT_RETURN_TYPE = YES_ERROR;
				GCC_WARN_UNDECLARED_SELECTOR = YES;
				GCC_WARN_UNINITIALIZED_AUTOS = YES_AGGRESSIVE;
				GCC_WARN_UNUSED_FUNCTION = YES;
				GCC_WARN_UNUSED_VARIABLE = YES;
				IPHONEOS_DEPLOYMENT_TARGET = 12.0;
				MTL_ENABLE_DEBUG_INFO = INCLUDE_SOURCE;
				MTL_FAST_MATH = YES;
				ONLY_ACTIVE_ARCH = YES;
				SDKROOT = iphoneos;
				SWIFT_ACTIVE_COMPILATION_CONDITIONS = DEBUG;
				SWIFT_OPTIMIZATION_LEVEL = "-Onone";
			};
			name = Debug;
		};
		937FD0B8216602BF00CC39B8 /* Release */ = {
			isa = XCBuildConfiguration;
			buildSettings = {
				ALWAYS_SEARCH_USER_PATHS = NO;
				CLANG_ANALYZER_NONNULL = YES;
				CLANG_ANALYZER_NUMBER_OBJECT_CONVERSION = YES_AGGRESSIVE;
				CLANG_CXX_LANGUAGE_STANDARD = "gnu++14";
				CLANG_CXX_LIBRARY = "libc++";
				CLANG_ENABLE_MODULES = YES;
				CLANG_ENABLE_OBJC_ARC = YES;
				CLANG_ENABLE_OBJC_WEAK = YES;
				CLANG_WARN_BLOCK_CAPTURE_AUTORELEASING = YES;
				CLANG_WARN_BOOL_CONVERSION = YES;
				CLANG_WARN_COMMA = YES;
				CLANG_WARN_CONSTANT_CONVERSION = YES;
				CLANG_WARN_DEPRECATED_OBJC_IMPLEMENTATIONS = YES;
				CLANG_WARN_DIRECT_OBJC_ISA_USAGE = YES_ERROR;
				CLANG_WARN_DOCUMENTATION_COMMENTS = YES;
				CLANG_WARN_EMPTY_BODY = YES;
				CLANG_WARN_ENUM_CONVERSION = YES;
				CLANG_WARN_INFINITE_RECURSION = YES;
				CLANG_WARN_INT_CONVERSION = YES;
				CLANG_WARN_NON_LITERAL_NULL_CONVERSION = YES;
				CLANG_WARN_OBJC_IMPLICIT_RETAIN_SELF = YES;
				CLANG_WARN_OBJC_LITERAL_CONVERSION = YES;
				CLANG_WARN_OBJC_ROOT_CLASS = YES_ERROR;
				CLANG_WARN_RANGE_LOOP_ANALYSIS = YES;
				CLANG_WARN_STRICT_PROTOTYPES = YES;
				CLANG_WARN_SUSPICIOUS_MOVE = YES;
				CLANG_WARN_UNGUARDED_AVAILABILITY = YES_AGGRESSIVE;
				CLANG_WARN_UNREACHABLE_CODE = YES;
				CLANG_WARN__DUPLICATE_METHOD_MATCH = YES;
				CODE_SIGN_IDENTITY = "iPhone Developer";
				COPY_PHASE_STRIP = NO;
				DEBUG_INFORMATION_FORMAT = "dwarf-with-dsym";
				ENABLE_NS_ASSERTIONS = NO;
				ENABLE_STRICT_OBJC_MSGSEND = YES;
				GCC_C_LANGUAGE_STANDARD = gnu11;
				GCC_NO_COMMON_BLOCKS = YES;
				GCC_WARN_64_TO_32_BIT_CONVERSION = YES;
				GCC_WARN_ABOUT_RETURN_TYPE = YES_ERROR;
				GCC_WARN_UNDECLARED_SELECTOR = YES;
				GCC_WARN_UNINITIALIZED_AUTOS = YES_AGGRESSIVE;
				GCC_WARN_UNUSED_FUNCTION = YES;
				GCC_WARN_UNUSED_VARIABLE = YES;
				IPHONEOS_DEPLOYMENT_TARGET = 12.0;
				MTL_ENABLE_DEBUG_INFO = NO;
				MTL_FAST_MATH = YES;
				SDKROOT = iphoneos;
				SWIFT_COMPILATION_MODE = wholemodule;
				SWIFT_OPTIMIZATION_LEVEL = "-O";
				VALIDATE_PRODUCT = YES;
			};
			name = Release;
		};
		937FD0BA216602BF00CC39B8 /* Debug */ = {
			isa = XCBuildConfiguration;
			buildSettings = {
				ASSETCATALOG_COMPILER_APPICON_NAME = AppIcon;
				CODE_SIGN_STYLE = Automatic;
				INFOPLIST_FILE = TrackTrack/Info.plist;
				LD_RUNPATH_SEARCH_PATHS = (
					"$(inherited)",
					"@executable_path/Frameworks",
				);
				PRODUCT_BUNDLE_IDENTIFIER = WebServer.TrackTrack;
				PRODUCT_NAME = "$(TARGET_NAME)";
				SWIFT_VERSION = 4.2;
				TARGETED_DEVICE_FAMILY = "1,2";
			};
			name = Debug;
		};
		937FD0BB216602BF00CC39B8 /* Release */ = {
			isa = XCBuildConfiguration;
			buildSettings = {
				ASSETCATALOG_COMPILER_APPICON_NAME = AppIcon;
				CODE_SIGN_STYLE = Automatic;
				INFOPLIST_FILE = TrackTrack/Info.plist;
				LD_RUNPATH_SEARCH_PATHS = (
					"$(inherited)",
					"@executable_path/Frameworks",
				);
				PRODUCT_BUNDLE_IDENTIFIER = WebServer.TrackTrack;
				PRODUCT_NAME = "$(TARGET_NAME)";
				SWIFT_VERSION = 4.2;
				TARGETED_DEVICE_FAMILY = "1,2";
			};
			name = Release;
		};
/* End XCBuildConfiguration section */

/* Begin XCConfigurationList section */
		937FD0A2216602BD00CC39B8 /* Build configuration list for PBXProject "TracTrac" */ = {
			isa = XCConfigurationList;
			buildConfigurations = (
				937FD0B7216602BF00CC39B8 /* Debug */,
				937FD0B8216602BF00CC39B8 /* Release */,
			);
			defaultConfigurationIsVisible = 0;
			defaultConfigurationName = Release;
		};
		937FD0B9216602BF00CC39B8 /* Build configuration list for PBXNativeTarget "TracTrac" */ = {
			isa = XCConfigurationList;
			buildConfigurations = (
				937FD0BA216602BF00CC39B8 /* Debug */,
				937FD0BB216602BF00CC39B8 /* Release */,
			);
			defaultConfigurationIsVisible = 0;
			defaultConfigurationName = Release;
		};
/* End XCConfigurationList section */
	};
	rootObject = 937FD09F216602BD00CC39B8 /* Project object */;
}
